
Microsoft Visual Studio Solution File, Format Version 12.00
# Visual Studio Version 16
VisualStudioVersion = 16.0.30611.23
MinimumVisualStudioVersion = 10.0.40219.1
Project("{9A19103F-16F7-4668-BE54-9A1E7A4F7556}") = "Azul.Server", "Server\Azul.Server.csproj", "{D16BCB47-8F35-492E-BE1E-CCE54575B18B}"
EndProject
Project("{9A19103F-16F7-4668-BE54-9A1E7A4F7556}") = "Azul.Client", "Client\Azul.Client.csproj", "{C6131DAE-BDF9-4E36-B04D-5C7CF2CAA5CE}"
EndProject
Project("{9A19103F-16F7-4668-BE54-9A1E7A4F7556}") = "Azul.Shared", "Shared\Azul.Shared.csproj", "{14055AA1-D325-48A7-9204-A65E61518E0B}"
EndProject
Project("{9A19103F-16F7-4668-BE54-9A1E7A4F7556}") = "Azul", "Azul\Azul.csproj", "{A7F217D7-B47A-4123-93F8-A179EEC5207C}"
EndProject
Project("{9A19103F-16F7-4668-BE54-9A1E7A4F7556}") = "Azul.UnitTests", "Azul.UnitTests\Azul.UnitTests.csproj", "{54D1CE6D-C588-48D7-A0E8-57C8CECDCE75}"
EndProject
Global
	GlobalSection(SolutionConfigurationPlatforms) = preSolution
		Debug|Any CPU = Debug|Any CPU
		Release|Any CPU = Release|Any CPU
	EndGlobalSection
	GlobalSection(ProjectConfigurationPlatforms) = postSolution
		{D16BCB47-8F35-492E-BE1E-CCE54575B18B}.Debug|Any CPU.ActiveCfg = Debug|Any CPU
		{D16BCB47-8F35-492E-BE1E-CCE54575B18B}.Debug|Any CPU.Build.0 = Debug|Any CPU
		{D16BCB47-8F35-492E-BE1E-CCE54575B18B}.Release|Any CPU.ActiveCfg = Release|Any CPU
		{D16BCB47-8F35-492E-BE1E-CCE54575B18B}.Release|Any CPU.Build.0 = Release|Any CPU
		{C6131DAE-BDF9-4E36-B04D-5C7CF2CAA5CE}.Debug|Any CPU.ActiveCfg = Debug|Any CPU
		{C6131DAE-BDF9-4E36-B04D-5C7CF2CAA5CE}.Debug|Any CPU.Build.0 = Debug|Any CPU
		{C6131DAE-BDF9-4E36-B04D-5C7CF2CAA5CE}.Release|Any CPU.ActiveCfg = Release|Any CPU
		{C6131DAE-BDF9-4E36-B04D-5C7CF2CAA5CE}.Release|Any CPU.Build.0 = Release|Any CPU
		{14055AA1-D325-48A7-9204-A65E61518E0B}.Debug|Any CPU.ActiveCfg = Debug|Any CPU
		{14055AA1-D325-48A7-9204-A65E61518E0B}.Debug|Any CPU.Build.0 = Debug|Any CPU
		{14055AA1-D325-48A7-9204-A65E61518E0B}.Release|Any CPU.ActiveCfg = Release|Any CPU
		{14055AA1-D325-48A7-9204-A65E61518E0B}.Release|Any CPU.Build.0 = Release|Any CPU
		{A7F217D7-B47A-4123-93F8-A179EEC5207C}.Debug|Any CPU.ActiveCfg = Debug|Any CPU
		{A7F217D7-B47A-4123-93F8-A179EEC5207C}.Debug|Any CPU.Build.0 = Debug|Any CPU
		{A7F217D7-B47A-4123-93F8-A179EEC5207C}.Release|Any CPU.ActiveCfg = Release|Any CPU
		{A7F217D7-B47A-4123-93F8-A179EEC5207C}.Release|Any CPU.Build.0 = Release|Any CPU
		{54D1CE6D-C588-48D7-A0E8-57C8CECDCE75}.Debug|Any CPU.ActiveCfg = Debug|Any CPU
		{54D1CE6D-C588-48D7-A0E8-57C8CECDCE75}.Debug|Any CPU.Build.0 = Debug|Any CPU
		{54D1CE6D-C588-48D7-A0E8-57C8CECDCE75}.Release|Any CPU.ActiveCfg = Release|Any CPU
		{54D1CE6D-C588-48D7-A0E8-57C8CECDCE75}.Release|Any CPU.Build.0 = Release|Any CPU
	EndGlobalSection
	GlobalSection(SolutionProperties) = preSolution
		HideSolutionNode = FALSE
	EndGlobalSection
	GlobalSection(ExtensibilityGlobals) = postSolution
		SolutionGuid = {5C7E9ECA-7DB7-45E1-86FC-3E6928867D27}
	EndGlobalSection
EndGlobal
